
Microsoft Visual Studio Solution File, Format Version 12.00
# Visual Studio 15
VisualStudioVersion = 15.0.27428.2037
MinimumVisualStudioVersion = 10.0.40219.1
Project("{FAE04EC0-301F-11D3-BF4B-00C04F79EFBC}") = "SampleTest", "SampleTest\SampleTest.csproj", "{84821D29-A998-41A0-A169-8A383D67F001}"
EndProject
Project("{FAE04EC0-301F-11D3-BF4B-00C04F79EFBC}") = "LandingPageAutomation", "LandingPageAutomation\LandingPageAutomation.csproj", "{19ED65A7-19F6-4CF4-8325-0315319B2A3A}"
EndProject
Project("{FAE04EC0-301F-11D3-BF4B-00C04F79EFBC}") = "SeleniumAutomation", "SeleniumAutomation\SeleniumAutomation.csproj", "{FB1B1968-5548-409F-902F-56FEA9634AC3}"
EndProject
Project("{2150E333-8FDC-42A3-9474-1A3956D46DE8}") = "Solution Items", "Solution Items", "{FB36ADFB-E6BC-42D2-9B55-BC673E5D5908}"
	ProjectSection(SolutionItems) = preProject
		app.config = app.config
	EndProjectSection
EndProject
Project("{FAE04EC0-301F-11D3-BF4B-00C04F79EFBC}") = "QuotePageAutomation", "QuotePageAutomation\QuotePageAutomation.csproj", "{435C309E-DA83-42A4-BD1B-365109B64CD9}"
EndProject
Project("{FAE04EC0-301F-11D3-BF4B-00C04F79EFBC}") = "QuoteTests", "QuoteTests\QuoteTests.csproj", "{7F0412B4-C7CF-4A42-951D-189179CD967E}"
EndProject
Project("{FAE04EC0-301F-11D3-BF4B-00C04F79EFBC}") = "QuoteSummaryAutomation", "QuoteSummaryAutomation\QuoteSummaryAutomation.csproj", "{41262C2E-B923-44D1-A17A-1515694FE2CF}"
EndProject
Global
	GlobalSection(SolutionConfigurationPlatforms) = preSolution
		Debug|Any CPU = Debug|Any CPU
		Release|Any CPU = Release|Any CPU
	EndGlobalSection
	GlobalSection(ProjectConfigurationPlatforms) = postSolution
		{84821D29-A998-41A0-A169-8A383D67F001}.Debug|Any CPU.ActiveCfg = Debug|Any CPU
		{84821D29-A998-41A0-A169-8A383D67F001}.Debug|Any CPU.Build.0 = Debug|Any CPU
		{84821D29-A998-41A0-A169-8A383D67F001}.Release|Any CPU.ActiveCfg = Release|Any CPU
		{84821D29-A998-41A0-A169-8A383D67F001}.Release|Any CPU.Build.0 = Release|Any CPU
		{19ED65A7-19F6-4CF4-8325-0315319B2A3A}.Debug|Any CPU.ActiveCfg = Debug|Any CPU
		{19ED65A7-19F6-4CF4-8325-0315319B2A3A}.Debug|Any CPU.Build.0 = Debug|Any CPU
		{19ED65A7-19F6-4CF4-8325-0315319B2A3A}.Release|Any CPU.ActiveCfg = Release|Any CPU
		{19ED65A7-19F6-4CF4-8325-0315319B2A3A}.Release|Any CPU.Build.0 = Release|Any CPU
		{FB1B1968-5548-409F-902F-56FEA9634AC3}.Debug|Any CPU.ActiveCfg = Debug|Any CPU
		{FB1B1968-5548-409F-902F-56FEA9634AC3}.Debug|Any CPU.Build.0 = Debug|Any CPU
		{FB1B1968-5548-409F-902F-56FEA9634AC3}.Release|Any CPU.ActiveCfg = Release|Any CPU
		{FB1B1968-5548-409F-902F-56FEA9634AC3}.Release|Any CPU.Build.0 = Release|Any CPU
		{435C309E-DA83-42A4-BD1B-365109B64CD9}.Debug|Any CPU.ActiveCfg = Debug|Any CPU
		{435C309E-DA83-42A4-BD1B-365109B64CD9}.Debug|Any CPU.Build.0 = Debug|Any CPU
		{435C309E-DA83-42A4-BD1B-365109B64CD9}.Release|Any CPU.ActiveCfg = Release|Any CPU
		{435C309E-DA83-42A4-BD1B-365109B64CD9}.Release|Any CPU.Build.0 = Release|Any CPU
		{7F0412B4-C7CF-4A42-951D-189179CD967E}.Debug|Any CPU.ActiveCfg = Debug|Any CPU
		{7F0412B4-C7CF-4A42-951D-189179CD967E}.Debug|Any CPU.Build.0 = Debug|Any CPU
		{7F0412B4-C7CF-4A42-951D-189179CD967E}.Release|Any CPU.ActiveCfg = Release|Any CPU
		{7F0412B4-C7CF-4A42-951D-189179CD967E}.Release|Any CPU.Build.0 = Release|Any CPU
		{41262C2E-B923-44D1-A17A-1515694FE2CF}.Debug|Any CPU.ActiveCfg = Debug|Any CPU
		{41262C2E-B923-44D1-A17A-1515694FE2CF}.Debug|Any CPU.Build.0 = Debug|Any CPU
		{41262C2E-B923-44D1-A17A-1515694FE2CF}.Release|Any CPU.ActiveCfg = Release|Any CPU
		{41262C2E-B923-44D1-A17A-1515694FE2CF}.Release|Any CPU.Build.0 = Release|Any CPU
	EndGlobalSection
	GlobalSection(SolutionProperties) = preSolution
		HideSolutionNode = FALSE
	EndGlobalSection
	GlobalSection(ExtensibilityGlobals) = postSolution
		SolutionGuid = {038F298A-735B-4495-A28E-1BFF3DEC26EB}
	EndGlobalSection
EndGlobal
